
Microsoft Visual Studio Solution File, Format Version 12.00
# Visual Studio Version 17
VisualStudioVersion = 17.9.34728.123
MinimumVisualStudioVersion = 10.0.40219.1
Project("{FAE04EC0-301F-11D3-BF4B-00C04F79EFBC}") = "231103011-Emirhan-CAN", "231103011-Emirhan-CAN\231103011-Emirhan-CAN.csproj", "{AE372264-5A7F-4D25-ABB1-AA7DB583B6B9}"
EndProject
Global
	GlobalSection(SolutionConfigurationPlatforms) = preSolution
		Debug|Any CPU = Debug|Any CPU
		Release|Any CPU = Release|Any CPU
	EndGlobalSection
	GlobalSection(ProjectConfigurationPlatforms) = postSolution
		{AE372264-5A7F-4D25-ABB1-AA7DB583B6B9}.Debug|Any CPU.ActiveCfg = Debug|Any CPU
		{AE372264-5A7F-4D25-ABB1-AA7DB583B6B9}.Debug|Any CPU.Build.0 = Debug|Any CPU
		{AE372264-5A7F-4D25-ABB1-AA7DB583B6B9}.Release|Any CPU.ActiveCfg = Release|Any CPU
		{AE372264-5A7F-4D25-ABB1-AA7DB583B6B9}.Release|Any CPU.Build.0 = Release|Any CPU
	EndGlobalSection
	GlobalSection(SolutionProperties) = preSolution
		HideSolutionNode = FALSE
	EndGlobalSection
	GlobalSection(ExtensibilityGlobals) = postSolution
		SolutionGuid = {A8C7F364-9D80-4C92-BB31-314268682C48}
	EndGlobalSection
EndGlobal
